{
  "name": "y",
  "version": "1.0.0",
  "lockfileVersion": 1,
  "requires": true,
  "dependencies": {
    "dom7": {
      "version": "2.0.3",
      "resolved": "http://npm.bjren123.com/dom7/-/dom7-2.0.3.tgz",
      "integrity": "sha1-YQxTDTLr2WkNOVmxmg83lYTyT8Q=",
      "dev": true,
      "requires": {
        "ssr-window": "1.0.0"
      }
    },
    "framework7": {
      "version": "2.2.0",
      "resolved": "http://registry.npm.taobao.org/framework7/download/framework7-2.2.0.tgz",
      "integrity": "sha1-VS9KgpHevPN6bWLo22kfZaexrFA=",
      "dev": true,
      "requires": {
        "dom7": "2.0.3",
        "path-to-regexp": "2.2.0",
        "ssr-window": "1.0.0",
        "template7": "1.3.5"
      }
    },
    "framework7-vue": {
      "version": "2.2.0",
      "resolved": "http://registry.npm.taobao.org/framework7-vue/download/framework7-vue-2.2.0.tgz",
      "integrity": "sha1-Ts595srQQ9te7xLSB+QfdhEIc0k=",
      "dev": true
    },
    "path-to-regexp": {
      "version": "2.2.0",
      "resolved": "http://npm.bjren123.com/path-to-regexp/-/path-to-regexp-2.2.0.tgz",
      "integrity": "sha1-gPD/RcHg5kHadN8xNkTq8RUFCXI=",
      "dev": true
    },
    "ssr-window": {
      "version": "1.0.0",
      "resolved": "http://npm.bjren123.com/ssr-window/-/ssr-window-1.0.0.tgz",
      "integrity": "sha1-jtG2vqoKNxun501lFdWEw/HPlzw=",
      "dev": true
    },
    "template7": {
      "version": "1.3.5",
      "resolved": "http://npm.bjren123.com/template7/-/template7-1.3.5.tgz",
      "integrity": "sha1-jawZi2KDE7DlOyJIfinZBOBFWCg=",
      "dev": true
    }
  }
}
